{
  "name": "move-to-next-iteration",
  "version": "0.6.0",
  "lockfileVersion": 3,
  "requires": true,
  "packages": {
    "": {
      "name": "move-to-next-iteration",
      "version": "0.6.0",
      "license": "MIT",
      "dependencies": {
        "@actions/core": "^1.10.0",
        "github-project": "github:blombard/github-project"
      },
      "devDependencies": {
        "@vercel/ncc": "^0.38.2"
      }
    },
    "node_modules/@actions/core": {
      "version": "1.10.1",
      "resolved": "https://registry.npmjs.org/@actions/core/-/core-1.10.1.tgz",
      "integrity": "sha512-3lBR9EDAY+iYIpTnTIXmWcNbX3T2kCkAEQGIQx4NVQ0575nk2k3GRZDTPQG+vVtS2izSLmINlxXf0uLtnrTP+g==",
      "dependencies": {
        "@actions/http-client": "^2.0.1",
        "uuid": "^8.3.2"
      }
    },
    "node_modules/@actions/http-client": {
      "version": "2.2.1",
      "resolved": "https://registry.npmjs.org/@actions/http-client/-/http-client-2.2.1.tgz",
      "integrity": "sha512-KhC/cZsq7f8I4LfZSJKgCvEwfkE8o1538VoBeoGzokVLLnbFDEAdFD3UhoMklxo2un9NJVBdANOresx7vTHlHw==",
      "dependencies": {
        "tunnel": "^0.0.6",
        "undici": "^5.25.4"
      }
    },
    "node_modules/@fastify/busboy": {
      "version": "2.1.1",
      "resolved": "https://registry.npmjs.org/@fastify/busboy/-/busboy-2.1.1.tgz",
      "integrity": "sha512-vBZP4NlzfOlerQTnba4aqZoMhE/a9HY7HRqoOPaETQcSQuWEIyZMHGfVu6w9wGtGK5fED5qRs2DteVCjOH60sA==",
      "engines": {
        "node": ">=14"
      }
    },
    "node_modules/@octokit/auth-token": {
      "version": "5.1.0",
      "resolved": "https://registry.npmjs.org/@octokit/auth-token/-/auth-token-5.1.0.tgz",
      "integrity": "sha512-JH+5PhVMjpbBuKlykiseCHa2uZdEd8Qm/N9Kpqncx4o/wkGF38gqVjIP2gZqfaP3nxFZPpg0FwGClKzBi6nS2g==",
      "engines": {
        "node": ">= 18"
      }
    },
    "node_modules/@octokit/core": {
      "version": "6.1.2",
      "resolved": "https://registry.npmjs.org/@octokit/core/-/core-6.1.2.tgz",
      "integrity": "sha512-hEb7Ma4cGJGEUNOAVmyfdB/3WirWMg5hDuNFVejGEDFqupeOysLc2sG6HJxY2etBp5YQu5Wtxwi020jS9xlUwg==",
      "dependencies": {
        "@octokit/auth-token": "^5.0.0",
        "@octokit/graphql": "^8.0.0",
        "@octokit/request": "^9.0.0",
        "@octokit/request-error": "^6.0.1",
        "@octokit/types": "^13.0.0",
        "before-after-hook": "^3.0.2",
        "universal-user-agent": "^7.0.0"
      },
      "engines": {
        "node": ">= 18"
      }
    },
    "node_modules/@octokit/endpoint": {
      "version": "10.1.0",
      "resolved": "https://registry.npmjs.org/@octokit/endpoint/-/endpoint-10.1.0.tgz",
      "integrity": "sha512-ogZ5uLMeGBZUzS32fNt9j+dNw3kkEn5CSw4CVkN1EvCNdFYWrQ5diQR6Hh52VrPR0oayIoYTqQFL/l8RqkV0qw==",
      "dependencies": {
        "@octokit/types": "^13.0.0",
        "universal-user-agent": "^7.0.2"
      },
      "engines": {
        "node": ">= 18"
      }
    },
    "node_modules/@octokit/graphql": {
      "version": "8.1.0",
      "resolved": "https://registry.npmjs.org/@octokit/graphql/-/graphql-8.1.0.tgz",
      "integrity": "sha512-XDvj6GcUnQYgbCLXElt3vZDzNIPGvGiwxQO2XzsvfVUjebGh0E5eCD/1My9zUGSNKaGVZitVuO8LMziGmoFryg==",
      "dependencies": {
        "@octokit/request": "^9.0.0",
        "@octokit/types": "^13.0.0",
        "universal-user-agent": "^7.0.0"
      },
      "engines": {
        "node": ">= 18"
      }
    },
    "node_modules/@octokit/openapi-types": {
      "version": "22.0.1",
      "resolved": "https://registry.npmjs.org/@octokit/openapi-types/-/openapi-types-22.0.1.tgz",
      "integrity": "sha512-1yN5m1IMNXthoBDUXFF97N1gHop04B3H8ws7wtOr8GgRyDO1gKALjwMHARNBoMBiB/2vEe/vxstrApcJZzQbnQ=="
    },
    "node_modules/@octokit/request": {
      "version": "9.1.0",
      "resolved": "https://registry.npmjs.org/@octokit/request/-/request-9.1.0.tgz",
      "integrity": "sha512-1mDzqKSiryRKZM++MhO6WQBukWbikes6AN6UTxB5vpRnNUbPDkVfUhpSvZ3aXYEFnbcV8DZkikOnCr3pdgMD3Q==",
      "dependencies": {
        "@octokit/endpoint": "^10.0.0",
        "@octokit/request-error": "^6.0.1",
        "@octokit/types": "^13.1.0",
        "universal-user-agent": "^7.0.2"
      },
      "engines": {
        "node": ">= 18"
      }
    },
    "node_modules/@octokit/request-error": {
      "version": "6.1.0",
      "resolved": "https://registry.npmjs.org/@octokit/request-error/-/request-error-6.1.0.tgz",
      "integrity": "sha512-xcLJv4IgfWIOEEVZwfhUN3yHNWJL0AMw1J1Ba8BofM9RdDTbapg6MO4zNxlPS4XXX9aAIsbDRa47K57EhgeVAw==",
      "dependencies": {
        "@octokit/types": "^13.0.0"
      },
      "engines": {
        "node": ">= 18"
      }
    },
    "node_modules/@octokit/types": {
      "version": "13.4.0",
      "resolved": "https://registry.npmjs.org/@octokit/types/-/types-13.4.0.tgz",
      "integrity": "sha512-WlMegy3lPXYWASe3k9Jslc5a0anrYAYMWtsFrxBTdQjS70hvLH6C+PGvHbOsgy3RA3LouGJoU/vAt4KarecQLQ==",
      "dependencies": {
        "@octokit/openapi-types": "^22.0.1"
      }
    },
    "node_modules/@vercel/ncc": {
      "version": "0.38.2",
      "resolved": "https://registry.npmjs.org/@vercel/ncc/-/ncc-0.38.2.tgz",
      "integrity": "sha512-3yel3jaxUg9pHBv4+KeC9qlbdZPug+UMtUOlhvpDYCMSgcNSrS2Hv1LoqMsOV7hf2lYscx+BESfJOIla1WsmMQ==",
      "dev": true,
      "bin": {
        "ncc": "dist/ncc/cli.js"
      }
    },
    "node_modules/before-after-hook": {
      "version": "3.0.2",
      "resolved": "https://registry.npmjs.org/before-after-hook/-/before-after-hook-3.0.2.tgz",
      "integrity": "sha512-Nik3Sc0ncrMK4UUdXQmAnRtzmNQTAAXmXIopizwZ1W1t8QmfJj+zL4OA2I7XPTPW5z5TDqv4hRo/JzouDJnX3A=="
    },
    "node_modules/github-project": {
      "version": "0.0.0-development",
      "resolved": "git+ssh://git@github.com/blombard/github-project.git#a10de832a23a7ad445fe2c60a1ab817678a6ec21",
      "dependencies": {
        "@octokit/core": "^6.0.0",
        "type-fest": "^4.0.0"
      }
    },
    "node_modules/tunnel": {
      "version": "0.0.6",
      "resolved": "https://registry.npmjs.org/tunnel/-/tunnel-0.0.6.tgz",
      "integrity": "sha512-1h/Lnq9yajKY2PEbBadPXj3VxsDDu844OnaAo52UVmIzIvwwtBPIuNvkjuzBlTWpfJyUbG3ez0KSBibQkj4ojg==",
      "engines": {
        "node": ">=0.6.11 <=0.7.0 || >=0.7.3"
      }
    },
    "node_modules/type-fest": {
      "version": "4.15.0",
      "resolved": "https://registry.npmjs.org/type-fest/-/type-fest-4.15.0.tgz",
      "integrity": "sha512-tB9lu0pQpX5KJq54g+oHOLumOx+pMep4RaM6liXh2PKmVRFF+/vAtUP0ZaJ0kOySfVNjF6doBWPHhBhISKdlIA==",
      "engines": {
        "node": ">=16"
      },
      "funding": {
        "url": "https://github.com/sponsors/sindresorhus"
      }
    },
    "node_modules/undici": {
      "version": "5.28.4",
      "resolved": "https://registry.npmjs.org/undici/-/undici-5.28.4.tgz",
      "integrity": "sha512-72RFADWFqKmUb2hmmvNODKL3p9hcB6Gt2DOQMis1SEBaV6a4MH8soBvzg+95CYhCKPFedut2JY9bMfrDl9D23g==",
      "dependencies": {
        "@fastify/busboy": "^2.0.0"
      },
      "engines": {
        "node": ">=14.0"
      }
    },
    "node_modules/universal-user-agent": {
      "version": "7.0.2",
      "resolved": "https://registry.npmjs.org/universal-user-agent/-/universal-user-agent-7.0.2.tgz",
      "integrity": "sha512-0JCqzSKnStlRRQfCdowvqy3cy0Dvtlb8xecj/H8JFZuCze4rwjPZQOgvFvn0Ws/usCHQFGpyr+pB9adaGwXn4Q=="
    },
    "node_modules/uuid": {
      "version": "8.3.2",
      "resolved": "https://registry.npmjs.org/uuid/-/uuid-8.3.2.tgz",
      "integrity": "sha512-+NYs2QeMWy+GWFOEm9xnn6HCDp0l7QBD7ml8zLUmJ+93Q5NF0NocErnwkTkXVFNiX3/fpC6afS8Dhb/gz7R7eg==",
      "bin": {
        "uuid": "dist/bin/uuid"
      }
    }
  }
}
